{
  "name": "@jtakeit/astro",
  "version": "0.7.0",
  "lockfileVersion": 3,
  "requires": true,
  "packages": {
    "": {
      "name": "@jtakeit/astro",
      "version": "0.7.0",
      "license": "MIT",
      "workspaces": [
        "kit"
      ],
      "dependencies": {
        "@jtakeit/kit": "0.5.0"
      },
      "bin": {
        "jtk": "bin/jtk.mjs"
      },
      "engines": {
        "node": ">=22.12.0"
      }
    },
    "kit": {
      "name": "@jtakeit/kit",
      "version": "0.5.0",
      "license": "MIT",
      "bin": {
        "jtkit": "bin/jtkit.mjs"
      },
      "engines": {
        "node": ">=22.12.0"
      }
    },
    "node_modules/@jtakeit/kit": {
      "resolved": "kit",
      "link": true
    }
  }
}
